// !$*UTF8*$!
{
	archiveVersion = 1;
	classes = {
	};
	objectVersion = 56;
	objects = {

/* Begin PBXBuildFile section */
		DE38B27F2B27856D00D60E00 /* ThredsApp.swift in Sources */ = {isa = PBXBuildFile; fileRef = DE38B27E2B27856D00D60E00 /* ThredsApp.swift */; };
		DE38B2812B27856D00D60E00 /* ContentView.swift in Sources */ = {isa = PBXBuildFile; fileRef = DE38B2802B27856D00D60E00 /* ContentView.swift */; };
		DE38B2832B27857200D60E00 /* Assets.xcassets in Resources */ = {isa = PBXBuildFile; fileRef = DE38B2822B27857200D60E00 /* Assets.xcassets */; };
		DE38B2862B27857200D60E00 /* Preview Assets.xcassets in Resources */ = {isa = PBXBuildFile; fileRef = DE38B2852B27857200D60E00 /* Preview Assets.xcassets */; };
		DE38B28B2B27857200D60E00 /* Threds.xcdatamodeld in Sources */ = {isa = PBXBuildFile; fileRef = DE38B2892B27857200D60E00 /* Threds.xcdatamodeld */; };
		DE38B29E2B27872000D60E00 /* LoginView.swift in Sources */ = {isa = PBXBuildFile; fileRef = DE38B29D2B27872000D60E00 /* LoginView.swift */; };
		DE38B2A02B279FA700D60E00 /* RegistrationVIew.swift in Sources */ = {isa = PBXBuildFile; fileRef = DE38B29F2B279FA700D60E00 /* RegistrationVIew.swift */; };
		DE38B2A32B289EB200D60E00 /* ThredsTextFieldModifier.swift in Sources */ = {isa = PBXBuildFile; fileRef = DE38B2A22B289EB200D60E00 /* ThredsTextFieldModifier.swift */; };
		DE38B2A52B28A86600D60E00 /* ThredsButtonModifier.swift in Sources */ = {isa = PBXBuildFile; fileRef = DE38B2A42B28A86500D60E00 /* ThredsButtonModifier.swift */; };
		DE38B2A82B28ABCB00D60E00 /* ThreadsTabBar.swift in Sources */ = {isa = PBXBuildFile; fileRef = DE38B2A72B28ABCB00D60E00 /* ThreadsTabBar.swift */; };
		DE38B2AB2B28CF3E00D60E00 /* FeedView.swift in Sources */ = {isa = PBXBuildFile; fileRef = DE38B2AA2B28CF3E00D60E00 /* FeedView.swift */; };
		DE38B2B02B28CFCC00D60E00 /* ExploreView.swift in Sources */ = {isa = PBXBuildFile; fileRef = DE38B2AF2B28CFCC00D60E00 /* ExploreView.swift */; };
		DE38B2B42B28D07900D60E00 /* CreateThreadView.swift in Sources */ = {isa = PBXBuildFile; fileRef = DE38B2B32B28D07900D60E00 /* CreateThreadView.swift */; };
		DE38B2B82B28D0D700D60E00 /* ActivityView.swift in Sources */ = {isa = PBXBuildFile; fileRef = DE38B2B72B28D0D700D60E00 /* ActivityView.swift */; };
		DE38B2BC2B28D13900D60E00 /* ProfileView.swift in Sources */ = {isa = PBXBuildFile; fileRef = DE38B2BB2B28D13900D60E00 /* ProfileView.swift */; };
		DE38B2BE2B28D46C00D60E00 /* ThreadCell.swift in Sources */ = {isa = PBXBuildFile; fileRef = DE38B2BD2B28D46C00D60E00 /* ThreadCell.swift */; };
		DE38B2C12B29DEBD00D60E00 /* CircularProfileImageView.swift in Sources */ = {isa = PBXBuildFile; fileRef = DE38B2C02B29DEBD00D60E00 /* CircularProfileImageView.swift */; };
		DE38B2C32B29E02C00D60E00 /* UserCell.swift in Sources */ = {isa = PBXBuildFile; fileRef = DE38B2C22B29E02C00D60E00 /* UserCell.swift */; };
		DE38B2C62B2B521000D60E00 /* ProfileThreadsFilter.swift in Sources */ = {isa = PBXBuildFile; fileRef = DE38B2C52B2B521000D60E00 /* ProfileThreadsFilter.swift */; };
		DE38B2C92B2B68EF00D60E00 /* EditProfileView.swift in Sources */ = {isa = PBXBuildFile; fileRef = DE38B2C82B2B68EF00D60E00 /* EditProfileView.swift */; };
		DE38B2CB2B2CB61B00D60E00 /* GoogleService-Info.plist in Resources */ = {isa = PBXBuildFile; fileRef = DE38B2CA2B2CB61B00D60E00 /* GoogleService-Info.plist */; };
		DE38B2CE2B2CB95F00D60E00 /* FirebaseAnalytics in Frameworks */ = {isa = PBXBuildFile; productRef = DE38B2CD2B2CB95F00D60E00 /* FirebaseAnalytics */; };
		DE38B2D02B2CB95F00D60E00 /* FirebaseAnalyticsOnDeviceConversion in Frameworks */ = {isa = PBXBuildFile; productRef = DE38B2CF2B2CB95F00D60E00 /* FirebaseAnalyticsOnDeviceConversion */; };
		DE38B2D22B2CB95F00D60E00 /* FirebaseAnalyticsSwift in Frameworks */ = {isa = PBXBuildFile; productRef = DE38B2D12B2CB95F00D60E00 /* FirebaseAnalyticsSwift */; };
		DE38B2D42B2CB95F00D60E00 /* FirebaseAnalyticsWithoutAdIdSupport in Frameworks */ = {isa = PBXBuildFile; productRef = DE38B2D32B2CB95F00D60E00 /* FirebaseAnalyticsWithoutAdIdSupport */; };
		DE38B2D62B2CB95F00D60E00 /* FirebaseAppCheck in Frameworks */ = {isa = PBXBuildFile; productRef = DE38B2D52B2CB95F00D60E00 /* FirebaseAppCheck */; };
		DE38B2D82B2CB95F00D60E00 /* FirebaseAppDistribution-Beta in Frameworks */ = {isa = PBXBuildFile; productRef = DE38B2D72B2CB95F00D60E00 /* FirebaseAppDistribution-Beta */; };
		DE38B2DA2B2CB95F00D60E00 /* FirebaseAuth in Frameworks */ = {isa = PBXBuildFile; productRef = DE38B2D92B2CB95F00D60E00 /* FirebaseAuth */; };
		DE38B2DC2B2CB95F00D60E00 /* FirebaseAuthCombine-Community in Frameworks */ = {isa = PBXBuildFile; productRef = DE38B2DB2B2CB95F00D60E00 /* FirebaseAuthCombine-Community */; };
		DE38B2DE2B2CB95F00D60E00 /* FirebaseCrashlytics in Frameworks */ = {isa = PBXBuildFile; productRef = DE38B2DD2B2CB95F00D60E00 /* FirebaseCrashlytics */; };
		DE38B2E02B2CB95F00D60E00 /* FirebaseDatabase in Frameworks */ = {isa = PBXBuildFile; productRef = DE38B2DF2B2CB95F00D60E00 /* FirebaseDatabase */; };
		DE38B2E22B2CB95F00D60E00 /* FirebaseDatabaseSwift in Frameworks */ = {isa = PBXBuildFile; productRef = DE38B2E12B2CB95F00D60E00 /* FirebaseDatabaseSwift */; };
		DE38B2E42B2CB95F00D60E00 /* FirebaseDynamicLinks in Frameworks */ = {isa = PBXBuildFile; productRef = DE38B2E32B2CB95F00D60E00 /* FirebaseDynamicLinks */; };
		DE38B2E62B2CB95F00D60E00 /* FirebaseFirestore in Frameworks */ = {isa = PBXBuildFile; productRef = DE38B2E52B2CB95F00D60E00 /* FirebaseFirestore */; };
		DE38B2E82B2CB95F00D60E00 /* FirebaseFirestoreCombine-Community in Frameworks */ = {isa = PBXBuildFile; productRef = DE38B2E72B2CB95F00D60E00 /* FirebaseFirestoreCombine-Community */; };
		DE38B2EA2B2CB95F00D60E00 /* FirebaseFirestoreSwift in Frameworks */ = {isa = PBXBuildFile; productRef = DE38B2E92B2CB95F00D60E00 /* FirebaseFirestoreSwift */; };
		DE38B2EC2B2CB95F00D60E00 /* FirebaseFunctions in Frameworks */ = {isa = PBXBuildFile; productRef = DE38B2EB2B2CB95F00D60E00 /* FirebaseFunctions */; };
		DE38B2EE2B2CB95F00D60E00 /* FirebaseFunctionsCombine-Community in Frameworks */ = {isa = PBXBuildFile; productRef = DE38B2ED2B2CB95F00D60E00 /* FirebaseFunctionsCombine-Community */; };
		DE38B2F02B2CB95F00D60E00 /* FirebaseInAppMessaging-Beta in Frameworks */ = {isa = PBXBuildFile; productRef = DE38B2EF2B2CB95F00D60E00 /* FirebaseInAppMessaging-Beta */; };
		DE38B2F22B2CB95F00D60E00 /* FirebaseInAppMessagingSwift-Beta in Frameworks */ = {isa = PBXBuildFile; productRef = DE38B2F12B2CB95F00D60E00 /* FirebaseInAppMessagingSwift-Beta */; };
		DE38B2F42B2CB95F00D60E00 /* FirebaseInstallations in Frameworks */ = {isa = PBXBuildFile; productRef = DE38B2F32B2CB95F00D60E00 /* FirebaseInstallations */; };
		DE38B2F62B2CB95F00D60E00 /* FirebaseMLModelDownloader in Frameworks */ = {isa = PBXBuildFile; productRef = DE38B2F52B2CB95F00D60E00 /* FirebaseMLModelDownloader */; };
		DE38B2F82B2CB95F00D60E00 /* FirebaseMessaging in Frameworks */ = {isa = PBXBuildFile; productRef = DE38B2F72B2CB95F00D60E00 /* FirebaseMessaging */; };
		DE38B2FA2B2CB95F00D60E00 /* FirebasePerformance in Frameworks */ = {isa = PBXBuildFile; productRef = DE38B2F92B2CB95F00D60E00 /* FirebasePerformance */; };
		DE38B2FC2B2CB95F00D60E00 /* FirebaseRemoteConfig in Frameworks */ = {isa = PBXBuildFile; productRef = DE38B2FB2B2CB95F00D60E00 /* FirebaseRemoteConfig */; };
		DE38B2FE2B2CB95F00D60E00 /* FirebaseRemoteConfigSwift in Frameworks */ = {isa = PBXBuildFile; productRef = DE38B2FD2B2CB95F00D60E00 /* FirebaseRemoteConfigSwift */; };
		DE38B3002B2CB95F00D60E00 /* FirebaseStorage in Frameworks */ = {isa = PBXBuildFile; productRef = DE38B2FF2B2CB95F00D60E00 /* FirebaseStorage */; };
		DE38B3022B2CB95F00D60E00 /* FirebaseStorageCombine-Community in Frameworks */ = {isa = PBXBuildFile; productRef = DE38B3012B2CB95F00D60E00 /* FirebaseStorageCombine-Community */; };
		DE38B3062B2CC46900D60E00 /* RegistrationVIewModel.swift in Sources */ = {isa = PBXBuildFile; fileRef = DE38B3052B2CC46900D60E00 /* RegistrationVIewModel.swift */; };
		DE38B3092B2CCA5500D60E00 /* AuthService.swift in Sources */ = {isa = PBXBuildFile; fileRef = DE38B3082B2CCA5500D60E00 /* AuthService.swift */; };
		DE38B30E2B2CDA1900D60E00 /* ContentViewModel.swift in Sources */ = {isa = PBXBuildFile; fileRef = DE38B30D2B2CDA1900D60E00 /* ContentViewModel.swift */; };
		DE38B3102B2CEDB800D60E00 /* LoginViewModel.swift in Sources */ = {isa = PBXBuildFile; fileRef = DE38B30F2B2CEDB800D60E00 /* LoginViewModel.swift */; };
		DE5882CE2B2DC555003E2438 /* User.swift in Sources */ = {isa = PBXBuildFile; fileRef = DE5882CD2B2DC555003E2438 /* User.swift */; };
		DE5882D02B306B24003E2438 /* UserService.swift in Sources */ = {isa = PBXBuildFile; fileRef = DE5882CF2B306B24003E2438 /* UserService.swift */; };
		DE5882D32B308855003E2438 /* ProfileViewModel.swift in Sources */ = {isa = PBXBuildFile; fileRef = DE5882D22B308855003E2438 /* ProfileViewModel.swift */; };
/* End PBXBuildFile section */

/* Begin PBXFileReference section */
		DE38B27B2B27856D00D60E00 /* Threds.app */ = {isa = PBXFileReference; explicitFileType = wrapper.application; includeInIndex = 0; path = Threds.app; sourceTree = BUILT_PRODUCTS_DIR; };
		DE38B27E2B27856D00D60E00 /* ThredsApp.swift */ = {isa = PBXFileReference; lastKnownFileType = sourcecode.swift; path = ThredsApp.swift; sourceTree = "<group>"; };
		DE38B2802B27856D00D60E00 /* ContentView.swift */ = {isa = PBXFileReference; lastKnownFileType = sourcecode.swift; path = ContentView.swift; sourceTree = "<group>"; };
		DE38B2822B27857200D60E00 /* Assets.xcassets */ = {isa = PBXFileReference; lastKnownFileType = folder.assetcatalog; path = Assets.xcassets; sourceTree = "<group>"; };
		DE38B2852B27857200D60E00 /* Preview Assets.xcassets */ = {isa = PBXFileReference; lastKnownFileType = folder.assetcatalog; path = "Preview Assets.xcassets"; sourceTree = "<group>"; };
		DE38B28A2B27857200D60E00 /* Threds.xcdatamodel */ = {isa = PBXFileReference; lastKnownFileType = wrapper.xcdatamodel; path = Threds.xcdatamodel; sourceTree = "<group>"; };
		DE38B29D2B27872000D60E00 /* LoginView.swift */ = {isa = PBXFileReference; lastKnownFileType = sourcecode.swift; path = LoginView.swift; sourceTree = "<group>"; };
		DE38B29F2B279FA700D60E00 /* RegistrationVIew.swift */ = {isa = PBXFileReference; lastKnownFileType = sourcecode.swift; path = RegistrationVIew.swift; sourceTree = "<group>"; };
		DE38B2A22B289EB200D60E00 /* ThredsTextFieldModifier.swift */ = {isa = PBXFileReference; lastKnownFileType = sourcecode.swift; path = ThredsTextFieldModifier.swift; sourceTree = "<group>"; };
		DE38B2A42B28A86500D60E00 /* ThredsButtonModifier.swift */ = {isa = PBXFileReference; lastKnownFileType = sourcecode.swift; path = ThredsButtonModifier.swift; sourceTree = "<group>"; };
		DE38B2A72B28ABCB00D60E00 /* ThreadsTabBar.swift */ = {isa = PBXFileReference; lastKnownFileType = sourcecode.swift; path = ThreadsTabBar.swift; sourceTree = "<group>"; };
		DE38B2AA2B28CF3E00D60E00 /* FeedView.swift */ = {isa = PBXFileReference; lastKnownFileType = sourcecode.swift; path = FeedView.swift; sourceTree = "<group>"; };
		DE38B2AF2B28CFCC00D60E00 /* ExploreView.swift */ = {isa = PBXFileReference; lastKnownFileType = sourcecode.swift; path = ExploreView.swift; sourceTree = "<group>"; };
		DE38B2B32B28D07900D60E00 /* CreateThreadView.swift */ = {isa = PBXFileReference; lastKnownFileType = sourcecode.swift; path = CreateThreadView.swift; sourceTree = "<group>"; };
		DE38B2B72B28D0D700D60E00 /* ActivityView.swift */ = {isa = PBXFileReference; lastKnownFileType = sourcecode.swift; path = ActivityView.swift; sourceTree = "<group>"; };
		DE38B2BB2B28D13900D60E00 /* ProfileView.swift */ = {isa = PBXFileReference; lastKnownFileType = sourcecode.swift; path = ProfileView.swift; sourceTree = "<group>"; };
		DE38B2BD2B28D46C00D60E00 /* ThreadCell.swift */ = {isa = PBXFileReference; lastKnownFileType = sourcecode.swift; path = ThreadCell.swift; sourceTree = "<group>"; };
		DE38B2C02B29DEBD00D60E00 /* CircularProfileImageView.swift */ = {isa = PBXFileReference; lastKnownFileType = sourcecode.swift; path = CircularProfileImageView.swift; sourceTree = "<group>"; };
		DE38B2C22B29E02C00D60E00 /* UserCell.swift */ = {isa = PBXFileReference; lastKnownFileType = sourcecode.swift; path = UserCell.swift; sourceTree = "<group>"; };
		DE38B2C52B2B521000D60E00 /* ProfileThreadsFilter.swift */ = {isa = PBXFileReference; lastKnownFileType = sourcecode.swift; path = ProfileThreadsFilter.swift; sourceTree = "<group>"; };
		DE38B2C82B2B68EF00D60E00 /* EditProfileView.swift */ = {isa = PBXFileReference; lastKnownFileType = sourcecode.swift; path = EditProfileView.swift; sourceTree = "<group>"; };
		DE38B2CA2B2CB61B00D60E00 /* GoogleService-Info.plist */ = {isa = PBXFileReference; fileEncoding = 4; lastKnownFileType = text.plist.xml; path = "GoogleService-Info.plist"; sourceTree = "<group>"; };
		DE38B3052B2CC46900D60E00 /* RegistrationVIewModel.swift */ = {isa = PBXFileReference; lastKnownFileType = sourcecode.swift; path = RegistrationVIewModel.swift; sourceTree = "<group>"; };
		DE38B3082B2CCA5500D60E00 /* AuthService.swift */ = {isa = PBXFileReference; lastKnownFileType = sourcecode.swift; path = AuthService.swift; sourceTree = "<group>"; };
		DE38B30D2B2CDA1900D60E00 /* ContentViewModel.swift */ = {isa = PBXFileReference; lastKnownFileType = sourcecode.swift; path = ContentViewModel.swift; sourceTree = "<group>"; };
		DE38B30F2B2CEDB800D60E00 /* LoginViewModel.swift */ = {isa = PBXFileReference; lastKnownFileType = sourcecode.swift; path = LoginViewModel.swift; sourceTree = "<group>"; };
		DE5882CD2B2DC555003E2438 /* User.swift */ = {isa = PBXFileReference; lastKnownFileType = sourcecode.swift; path = User.swift; sourceTree = "<group>"; };
		DE5882CF2B306B24003E2438 /* UserService.swift */ = {isa = PBXFileReference; lastKnownFileType = sourcecode.swift; path = UserService.swift; sourceTree = "<group>"; };
		DE5882D22B308855003E2438 /* ProfileViewModel.swift */ = {isa = PBXFileReference; lastKnownFileType = sourcecode.swift; path = ProfileViewModel.swift; sourceTree = "<group>"; };
/* End PBXFileReference section */

/* Begin PBXFrameworksBuildPhase section */
		DE38B2782B27856D00D60E00 /* Frameworks */ = {
			isa = PBXFrameworksBuildPhase;
			buildActionMask = 2147483647;
			files = (
				DE38B2E02B2CB95F00D60E00 /* FirebaseDatabase in Frameworks */,
				DE38B2EE2B2CB95F00D60E00 /* FirebaseFunctionsCombine-Community in Frameworks */,
				DE38B2E62B2CB95F00D60E00 /* FirebaseFirestore in Frameworks */,
				DE38B2D22B2CB95F00D60E00 /* FirebaseAnalyticsSwift in Frameworks */,
				DE38B2CE2B2CB95F00D60E00 /* FirebaseAnalytics in Frameworks */,
				DE38B2D02B2CB95F00D60E00 /* FirebaseAnalyticsOnDeviceConversion in Frameworks */,
				DE38B2F62B2CB95F00D60E00 /* FirebaseMLModelDownloader in Frameworks */,
				DE38B2EA2B2CB95F00D60E00 /* FirebaseFirestoreSwift in Frameworks */,
				DE38B2D62B2CB95F00D60E00 /* FirebaseAppCheck in Frameworks */,
				DE38B2D42B2CB95F00D60E00 /* FirebaseAnalyticsWithoutAdIdSupport in Frameworks */,
				DE38B2DA2B2CB95F00D60E00 /* FirebaseAuth in Frameworks */,
				DE38B2DE2B2CB95F00D60E00 /* FirebaseCrashlytics in Frameworks */,
				DE38B2FE2B2CB95F00D60E00 /* FirebaseRemoteConfigSwift in Frameworks */,
				DE38B2F02B2CB95F00D60E00 /* FirebaseInAppMessaging-Beta in Frameworks */,
				DE38B2E22B2CB95F00D60E00 /* FirebaseDatabaseSwift in Frameworks */,
				DE38B2EC2B2CB95F00D60E00 /* FirebaseFunctions in Frameworks */,
				DE38B3022B2CB95F00D60E00 /* FirebaseStorageCombine-Community in Frameworks */,
				DE38B2FC2B2CB95F00D60E00 /* FirebaseRemoteConfig in Frameworks */,
				DE38B2D82B2CB95F00D60E00 /* FirebaseAppDistribution-Beta in Frameworks */,
				DE38B2DC2B2CB95F00D60E00 /* FirebaseAuthCombine-Community in Frameworks */,
				DE38B2FA2B2CB95F00D60E00 /* FirebasePerformance in Frameworks */,
				DE38B2F22B2CB95F00D60E00 /* FirebaseInAppMessagingSwift-Beta in Frameworks */,
				DE38B3002B2CB95F00D60E00 /* FirebaseStorage in Frameworks */,
				DE38B2E42B2CB95F00D60E00 /* FirebaseDynamicLinks in Frameworks */,
				DE38B2E82B2CB95F00D60E00 /* FirebaseFirestoreCombine-Community in Frameworks */,
				DE38B2F82B2CB95F00D60E00 /* FirebaseMessaging in Frameworks */,
				DE38B2F42B2CB95F00D60E00 /* FirebaseInstallations in Frameworks */,
			);
			runOnlyForDeploymentPostprocessing = 0;
		};
/* End PBXFrameworksBuildPhase section */

/* Begin PBXGroup section */
		DE38B2722B27856D00D60E00 = {
			isa = PBXGroup;
			children = (
				DE38B27D2B27856D00D60E00 /* Threds */,
				DE38B27C2B27856D00D60E00 /* Products */,
			);
			sourceTree = "<group>";
		};
		DE38B27C2B27856D00D60E00 /* Products */ = {
			isa = PBXGroup;
			children = (
				DE38B27B2B27856D00D60E00 /* Threds.app */,
			);
			name = Products;
			sourceTree = "<group>";
		};
		DE38B27D2B27856D00D60E00 /* Threds */ = {
			isa = PBXGroup;
			children = (
				DE38B2912B2785EF00D60E00 /* App */,
				DE38B2942B27863500D60E00 /* Core */,
				DE38B2982B27863D00D60E00 /* Model */,
				DE38B2972B27863B00D60E00 /* Utils */,
				DE38B2962B27863900D60E00 /* Extensions */,
				DE38B2952B27863700D60E00 /* Services */,
				DE38B2822B27857200D60E00 /* Assets.xcassets */,
				DE38B2CA2B2CB61B00D60E00 /* GoogleService-Info.plist */,
				DE38B2892B27857200D60E00 /* Threds.xcdatamodeld */,
				DE38B2842B27857200D60E00 /* Preview Content */,
			);
			path = Threds;
			sourceTree = "<group>";
		};
		DE38B2842B27857200D60E00 /* Preview Content */ = {
			isa = PBXGroup;
			children = (
				DE38B2852B27857200D60E00 /* Preview Assets.xcassets */,
			);
			path = "Preview Content";
			sourceTree = "<group>";
		};
		DE38B2912B2785EF00D60E00 /* App */ = {
			isa = PBXGroup;
			children = (
				DE38B27E2B27856D00D60E00 /* ThredsApp.swift */,
			);
			path = App;
			sourceTree = "<group>";
		};
		DE38B2942B27863500D60E00 /* Core */ = {
			isa = PBXGroup;
			children = (
				DE38B29B2B2786D600D60E00 /* Root */,
				DE38B29A2B2786C500D60E00 /* Authentication */,
				DE38B2BF2B29DE8500D60E00 /* Components */,
				DE38B2A62B28ABA800D60E00 /* TabBar */,
				DE38B2A92B28CF1E00D60E00 /* Feed */,
				DE38B2B12B28D05500D60E00 /* CreateThread */,
				DE38B2AD2B28CF9F00D60E00 /* Explore */,
				DE38B2B52B28D0A400D60E00 /* Activity */,
				DE38B2B92B28D12000D60E00 /* Profile */,
			);
			path = Core;
			sourceTree = "<group>";
		};
		DE38B2952B27863700D60E00 /* Services */ = {
			isa = PBXGroup;
			children = (
				DE5882CF2B306B24003E2438 /* UserService.swift */,
			);
			path = Services;
			sourceTree = "<group>";
		};
		DE38B2962B27863900D60E00 /* Extensions */ = {
			isa = PBXGroup;
			children = (
			);
			path = Extensions;
			sourceTree = "<group>";
		};
		DE38B2972B27863B00D60E00 /* Utils */ = {
			isa = PBXGroup;
			children = (
				DE38B2A12B289E2600D60E00 /* ViewsModifiers */,
			);
			path = Utils;
			sourceTree = "<group>";
		};
		DE38B2982B27863D00D60E00 /* Model */ = {
			isa = PBXGroup;
			children = (
				DE5882CD2B2DC555003E2438 /* User.swift */,
			);
			path = Model;
			sourceTree = "<group>";
		};
		DE38B29A2B2786C500D60E00 /* Authentication */ = {
			isa = PBXGroup;
			children = (
				DE38B29C2B27870300D60E00 /* Views */,
				DE38B3042B2CC44200D60E00 /* Service */,
				DE38B3032B2CC43700D60E00 /* ViewModel */,
			);
			path = Authentication;
			sourceTree = "<group>";
		};
		DE38B29B2B2786D600D60E00 /* Root */ = {
			isa = PBXGroup;
			children = (
				DE38B30B2B2CD9A800D60E00 /* View */,
				DE38B30A2B2CD99C00D60E00 /* ViewModel */,
			);
			path = Root;
			sourceTree = "<group>";
		};
		DE38B29C2B27870300D60E00 /* Views */ = {
			isa = PBXGroup;
			children = (
				DE38B29D2B27872000D60E00 /* LoginView.swift */,
				DE38B29F2B279FA700D60E00 /* RegistrationVIew.swift */,
			);
			path = Views;
			sourceTree = "<group>";
		};
		DE38B2A12B289E2600D60E00 /* ViewsModifiers */ = {
			isa = PBXGroup;
			children = (
				DE38B2A22B289EB200D60E00 /* ThredsTextFieldModifier.swift */,
				DE38B2A42B28A86500D60E00 /* ThredsButtonModifier.swift */,
			);
			path = ViewsModifiers;
			sourceTree = "<group>";
		};
		DE38B2A62B28ABA800D60E00 /* TabBar */ = {
			isa = PBXGroup;
			children = (
				DE38B2A72B28ABCB00D60E00 /* ThreadsTabBar.swift */,
			);
			path = TabBar;
			sourceTree = "<group>";
		};
		DE38B2A92B28CF1E00D60E00 /* Feed */ = {
			isa = PBXGroup;
			children = (
				DE38B2AC2B28CF9200D60E00 /* View */,
			);
			path = Feed;
			sourceTree = "<group>";
		};
		DE38B2AC2B28CF9200D60E00 /* View */ = {
			isa = PBXGroup;
			children = (
				DE38B2AA2B28CF3E00D60E00 /* FeedView.swift */,
				DE38B2BD2B28D46C00D60E00 /* ThreadCell.swift */,
			);
			path = View;
			sourceTree = "<group>";
		};
		DE38B2AD2B28CF9F00D60E00 /* Explore */ = {
			isa = PBXGroup;
			children = (
				DE38B2AE2B28CFBE00D60E00 /* View */,
			);
			path = Explore;
			sourceTree = "<group>";
		};
		DE38B2AE2B28CFBE00D60E00 /* View */ = {
			isa = PBXGroup;
			children = (
				DE38B2AF2B28CFCC00D60E00 /* ExploreView.swift */,
			);
			path = View;
			sourceTree = "<group>";
		};
		DE38B2B12B28D05500D60E00 /* CreateThread */ = {
			isa = PBXGroup;
			children = (
				DE38B2B22B28D06600D60E00 /* View */,
			);
			path = CreateThread;
			sourceTree = "<group>";
		};
		DE38B2B22B28D06600D60E00 /* View */ = {
			isa = PBXGroup;
			children = (
				DE38B2B32B28D07900D60E00 /* CreateThreadView.swift */,
			);
			path = View;
			sourceTree = "<group>";
		};
		DE38B2B52B28D0A400D60E00 /* Activity */ = {
			isa = PBXGroup;
			children = (
				DE38B2B62B28D0B600D60E00 /* View */,
			);
			path = Activity;
			sourceTree = "<group>";
		};
		DE38B2B62B28D0B600D60E00 /* View */ = {
			isa = PBXGroup;
			children = (
				DE38B2B72B28D0D700D60E00 /* ActivityView.swift */,
			);
			path = View;
			sourceTree = "<group>";
		};
		DE38B2B92B28D12000D60E00 /* Profile */ = {
			isa = PBXGroup;
			children = (
				DE5882D12B308841003E2438 /* ViewModel */,
				DE38B2C72B2B68D700D60E00 /* EditProfile */,
				DE38B2C42B2B51FA00D60E00 /* Model */,
				DE38B2BA2B28D12800D60E00 /* View */,
			);
			path = Profile;
			sourceTree = "<group>";
		};
		DE38B2BA2B28D12800D60E00 /* View */ = {
			isa = PBXGroup;
			children = (
				DE38B2BB2B28D13900D60E00 /* ProfileView.swift */,
			);
			path = View;
			sourceTree = "<group>";
		};
		DE38B2BF2B29DE8500D60E00 /* Components */ = {
			isa = PBXGroup;
			children = (
				DE38B2C02B29DEBD00D60E00 /* CircularProfileImageView.swift */,
				DE38B2C22B29E02C00D60E00 /* UserCell.swift */,
			);
			path = Components;
			sourceTree = "<group>";
		};
		DE38B2C42B2B51FA00D60E00 /* Model */ = {
			isa = PBXGroup;
			children = (
				DE38B2C52B2B521000D60E00 /* ProfileThreadsFilter.swift */,
			);
			path = Model;
			sourceTree = "<group>";
		};
		DE38B2C72B2B68D700D60E00 /* EditProfile */ = {
			isa = PBXGroup;
			children = (
				DE38B2C82B2B68EF00D60E00 /* EditProfileView.swift */,
			);
			path = EditProfile;
			sourceTree = "<group>";
		};
		DE38B3032B2CC43700D60E00 /* ViewModel */ = {
			isa = PBXGroup;
			children = (
				DE38B3052B2CC46900D60E00 /* RegistrationVIewModel.swift */,
				DE38B30F2B2CEDB800D60E00 /* LoginViewModel.swift */,
			);
			path = ViewModel;
			sourceTree = "<group>";
		};
		DE38B3042B2CC44200D60E00 /* Service */ = {
			isa = PBXGroup;
			children = (
				DE38B3082B2CCA5500D60E00 /* AuthService.swift */,
			);
			path = Service;
			sourceTree = "<group>";
		};
		DE38B30A2B2CD99C00D60E00 /* ViewModel */ = {
			isa = PBXGroup;
			children = (
				DE38B30D2B2CDA1900D60E00 /* ContentViewModel.swift */,
			);
			path = ViewModel;
			sourceTree = "<group>";
		};
		DE38B30B2B2CD9A800D60E00 /* View */ = {
			isa = PBXGroup;
			children = (
				DE38B2802B27856D00D60E00 /* ContentView.swift */,
			);
			path = View;
			sourceTree = "<group>";
		};
		DE5882D12B308841003E2438 /* ViewModel */ = {
			isa = PBXGroup;
			children = (
				DE5882D22B308855003E2438 /* ProfileViewModel.swift */,
			);
			path = ViewModel;
			sourceTree = "<group>";
		};
/* End PBXGroup section */

/* Begin PBXNativeTarget section */
		DE38B27A2B27856D00D60E00 /* Threds */ = {
			isa = PBXNativeTarget;
			buildConfigurationList = DE38B28E2B27857200D60E00 /* Build configuration list for PBXNativeTarget "Threds" */;
			buildPhases = (
				DE38B2772B27856D00D60E00 /* Sources */,
				DE38B2782B27856D00D60E00 /* Frameworks */,
				DE38B2792B27856D00D60E00 /* Resources */,
			);
			buildRules = (
			);
			dependencies = (
			);
			name = Threds;
			packageProductDependencies = (
				DE38B2CD2B2CB95F00D60E00 /* FirebaseAnalytics */,
				DE38B2CF2B2CB95F00D60E00 /* FirebaseAnalyticsOnDeviceConversion */,
				DE38B2D12B2CB95F00D60E00 /* FirebaseAnalyticsSwift */,
				DE38B2D32B2CB95F00D60E00 /* FirebaseAnalyticsWithoutAdIdSupport */,
				DE38B2D52B2CB95F00D60E00 /* FirebaseAppCheck */,
				DE38B2D72B2CB95F00D60E00 /* FirebaseAppDistribution-Beta */,
				DE38B2D92B2CB95F00D60E00 /* FirebaseAuth */,
				DE38B2DB2B2CB95F00D60E00 /* FirebaseAuthCombine-Community */,
				DE38B2DD2B2CB95F00D60E00 /* FirebaseCrashlytics */,
				DE38B2DF2B2CB95F00D60E00 /* FirebaseDatabase */,
				DE38B2E12B2CB95F00D60E00 /* FirebaseDatabaseSwift */,
				DE38B2E32B2CB95F00D60E00 /* FirebaseDynamicLinks */,
				DE38B2E52B2CB95F00D60E00 /* FirebaseFirestore */,
				DE38B2E72B2CB95F00D60E00 /* FirebaseFirestoreCombine-Community */,
				DE38B2E92B2CB95F00D60E00 /* FirebaseFirestoreSwift */,
				DE38B2EB2B2CB95F00D60E00 /* FirebaseFunctions */,
				DE38B2ED2B2CB95F00D60E00 /* FirebaseFunctionsCombine-Community */,
				DE38B2EF2B2CB95F00D60E00 /* FirebaseInAppMessaging-Beta */,
				DE38B2F12B2CB95F00D60E00 /* FirebaseInAppMessagingSwift-Beta */,
				DE38B2F32B2CB95F00D60E00 /* FirebaseInstallations */,
				DE38B2F52B2CB95F00D60E00 /* FirebaseMLModelDownloader */,
				DE38B2F72B2CB95F00D60E00 /* FirebaseMessaging */,
				DE38B2F92B2CB95F00D60E00 /* FirebasePerformance */,
				DE38B2FB2B2CB95F00D60E00 /* FirebaseRemoteConfig */,
				DE38B2FD2B2CB95F00D60E00 /* FirebaseRemoteConfigSwift */,
				DE38B2FF2B2CB95F00D60E00 /* FirebaseStorage */,
				DE38B3012B2CB95F00D60E00 /* FirebaseStorageCombine-Community */,
			);
			productName = Threds;
			productReference = DE38B27B2B27856D00D60E00 /* Threds.app */;
			productType = "com.apple.product-type.application";
		};
/* End PBXNativeTarget section */

/* Begin PBXProject section */
		DE38B2732B27856D00D60E00 /* Project object */ = {
			isa = PBXProject;
			attributes = {
				BuildIndependentTargetsInParallel = 1;
				LastSwiftUpdateCheck = 1500;
				LastUpgradeCheck = 1500;
				TargetAttributes = {
					DE38B27A2B27856D00D60E00 = {
						CreatedOnToolsVersion = 15.0;
					};
				};
			};
			buildConfigurationList = DE38B2762B27856D00D60E00 /* Build configuration list for PBXProject "Threds" */;
			compatibilityVersion = "Xcode 14.0";
			developmentRegion = en;
			hasScannedForEncodings = 0;
			knownRegions = (
				en,
				Base,
			);
			mainGroup = DE38B2722B27856D00D60E00;
			packageReferences = (
				DE38B2CC2B2CB95E00D60E00 /* XCRemoteSwiftPackageReference "firebase-ios-sdk" */,
			);
			productRefGroup = DE38B27C2B27856D00D60E00 /* Products */;
			projectDirPath = "";
			projectRoot = "";
			targets = (
				DE38B27A2B27856D00D60E00 /* Threds */,
			);
		};
/* End PBXProject section */

/* Begin PBXResourcesBuildPhase section */
		DE38B2792B27856D00D60E00 /* Resources */ = {
			isa = PBXResourcesBuildPhase;
			buildActionMask = 2147483647;
			files = (
				DE38B2862B27857200D60E00 /* Preview Assets.xcassets in Resources */,
				DE38B2832B27857200D60E00 /* Assets.xcassets in Resources */,
				DE38B2CB2B2CB61B00D60E00 /* GoogleService-Info.plist in Resources */,
			);
			runOnlyForDeploymentPostprocessing = 0;
		};
/* End PBXResourcesBuildPhase section */

/* Begin PBXSourcesBuildPhase section */
		DE38B2772B27856D00D60E00 /* Sources */ = {
			isa = PBXSourcesBuildPhase;
			buildActionMask = 2147483647;
			files = (
				DE38B2C92B2B68EF00D60E00 /* EditProfileView.swift in Sources */,
				DE38B2A02B279FA700D60E00 /* RegistrationVIew.swift in Sources */,
				DE38B3102B2CEDB800D60E00 /* LoginViewModel.swift in Sources */,
				DE38B2BC2B28D13900D60E00 /* ProfileView.swift in Sources */,
				DE38B2AB2B28CF3E00D60E00 /* FeedView.swift in Sources */,
				DE38B28B2B27857200D60E00 /* Threds.xcdatamodeld in Sources */,
				DE38B2C12B29DEBD00D60E00 /* CircularProfileImageView.swift in Sources */,
				DE38B2A32B289EB200D60E00 /* ThredsTextFieldModifier.swift in Sources */,
				DE38B3092B2CCA5500D60E00 /* AuthService.swift in Sources */,
				DE38B2B02B28CFCC00D60E00 /* ExploreView.swift in Sources */,
				DE38B2B82B28D0D700D60E00 /* ActivityView.swift in Sources */,
				DE38B3062B2CC46900D60E00 /* RegistrationVIewModel.swift in Sources */,
				DE38B2C62B2B521000D60E00 /* ProfileThreadsFilter.swift in Sources */,
				DE38B2C32B29E02C00D60E00 /* UserCell.swift in Sources */,
				DE5882D32B308855003E2438 /* ProfileViewModel.swift in Sources */,
				DE38B2812B27856D00D60E00 /* ContentView.swift in Sources */,
				DE38B2B42B28D07900D60E00 /* CreateThreadView.swift in Sources */,
				DE38B2A52B28A86600D60E00 /* ThredsButtonModifier.swift in Sources */,
				DE38B2A82B28ABCB00D60E00 /* ThreadsTabBar.swift in Sources */,
				DE38B30E2B2CDA1900D60E00 /* ContentViewModel.swift in Sources */,
				DE38B2BE2B28D46C00D60E00 /* ThreadCell.swift in Sources */,
				DE5882D02B306B24003E2438 /* UserService.swift in Sources */,
				DE38B29E2B27872000D60E00 /* LoginView.swift in Sources */,
				DE38B27F2B27856D00D60E00 /* ThredsApp.swift in Sources */,
				DE5882CE2B2DC555003E2438 /* User.swift in Sources */,
			);
			runOnlyForDeploymentPostprocessing = 0;
		};
/* End PBXSourcesBuildPhase section */

/* Begin XCBuildConfiguration section */
		DE38B28C2B27857200D60E00 /* Debug */ = {
			isa = XCBuildConfiguration;
			buildSettings = {
				ALWAYS_SEARCH_USER_PATHS = NO;
				ASSETCATALOG_COMPILER_GENERATE_SWIFT_ASSET_SYMBOL_EXTENSIONS = YES;
				CLANG_ANALYZER_NONNULL = YES;
				CLANG_ANALYZER_NUMBER_OBJECT_CONVERSION = YES_AGGRESSIVE;
				CLANG_CXX_LANGUAGE_STANDARD = "gnu++20";
				CLANG_ENABLE_MODULES = YES;
				CLANG_ENABLE_OBJC_ARC = YES;
				CLANG_ENABLE_OBJC_WEAK = YES;
				CLANG_WARN_BLOCK_CAPTURE_AUTORELEASING = YES;
				CLANG_WARN_BOOL_CONVERSION = YES;
				CLANG_WARN_COMMA = YES;
				CLANG_WARN_CONSTANT_CONVERSION = YES;
				CLANG_WARN_DEPRECATED_OBJC_IMPLEMENTATIONS = YES;
				CLANG_WARN_DIRECT_OBJC_ISA_USAGE = YES_ERROR;
				CLANG_WARN_DOCUMENTATION_COMMENTS = YES;
				CLANG_WARN_EMPTY_BODY = YES;
				CLANG_WARN_ENUM_CONVERSION = YES;
				CLANG_WARN_INFINITE_RECURSION = YES;
				CLANG_WARN_INT_CONVERSION = YES;
				CLANG_WARN_NON_LITERAL_NULL_CONVERSION = YES;
				CLANG_WARN_OBJC_IMPLICIT_RETAIN_SELF = YES;
				CLANG_WARN_OBJC_LITERAL_CONVERSION = YES;
				CLANG_WARN_OBJC_ROOT_CLASS = YES_ERROR;
				CLANG_WARN_QUOTED_INCLUDE_IN_FRAMEWORK_HEADER = YES;
				CLANG_WARN_RANGE_LOOP_ANALYSIS = YES;
				CLANG_WARN_STRICT_PROTOTYPES = YES;
				CLANG_WARN_SUSPICIOUS_MOVE = YES;
				CLANG_WARN_UNGUARDED_AVAILABILITY = YES_AGGRESSIVE;
				CLANG_WARN_UNREACHABLE_CODE = YES;
				CLANG_WARN__DUPLICATE_METHOD_MATCH = YES;
				COPY_PHASE_STRIP = NO;
				DEBUG_INFORMATION_FORMAT = dwarf;
				ENABLE_STRICT_OBJC_MSGSEND = YES;
				ENABLE_TESTABILITY = YES;
				ENABLE_USER_SCRIPT_SANDBOXING = YES;
				GCC_C_LANGUAGE_STANDARD = gnu17;
				GCC_DYNAMIC_NO_PIC = NO;
				GCC_NO_COMMON_BLOCKS = YES;
				GCC_OPTIMIZATION_LEVEL = 0;
				GCC_PREPROCESSOR_DEFINITIONS = (
					"DEBUG=1",
					"$(inherited)",
				);
				GCC_WARN_64_TO_32_BIT_CONVERSION = YES;
				GCC_WARN_ABOUT_RETURN_TYPE = YES_ERROR;
				GCC_WARN_UNDECLARED_SELECTOR = YES;
				GCC_WARN_UNINITIALIZED_AUTOS = YES_AGGRESSIVE;
				GCC_WARN_UNUSED_FUNCTION = YES;
				GCC_WARN_UNUSED_VARIABLE = YES;
				IPHONEOS_DEPLOYMENT_TARGET = 17.0;
				LOCALIZATION_PREFERS_STRING_CATALOGS = YES;
				MTL_ENABLE_DEBUG_INFO = INCLUDE_SOURCE;
				MTL_FAST_MATH = YES;
				ONLY_ACTIVE_ARCH = YES;
				SDKROOT = iphoneos;
				SWIFT_ACTIVE_COMPILATION_CONDITIONS = "DEBUG $(inherited)";
				SWIFT_OPTIMIZATION_LEVEL = "-Onone";
			};
			name = Debug;
		};
		DE38B28D2B27857200D60E00 /* Release */ = {
			isa = XCBuildConfiguration;
			buildSettings = {
				ALWAYS_SEARCH_USER_PATHS = NO;
				ASSETCATALOG_COMPILER_GENERATE_SWIFT_ASSET_SYMBOL_EXTENSIONS = YES;
				CLANG_ANALYZER_NONNULL = YES;
				CLANG_ANALYZER_NUMBER_OBJECT_CONVERSION = YES_AGGRESSIVE;
				CLANG_CXX_LANGUAGE_STANDARD = "gnu++20";
				CLANG_ENABLE_MODULES = YES;
				CLANG_ENABLE_OBJC_ARC = YES;
				CLANG_ENABLE_OBJC_WEAK = YES;
				CLANG_WARN_BLOCK_CAPTURE_AUTORELEASING = YES;
				CLANG_WARN_BOOL_CONVERSION = YES;
				CLANG_WARN_COMMA = YES;
				CLANG_WARN_CONSTANT_CONVERSION = YES;
				CLANG_WARN_DEPRECATED_OBJC_IMPLEMENTATIONS = YES;
				CLANG_WARN_DIRECT_OBJC_ISA_USAGE = YES_ERROR;
				CLANG_WARN_DOCUMENTATION_COMMENTS = YES;
				CLANG_WARN_EMPTY_BODY = YES;
				CLANG_WARN_ENUM_CONVERSION = YES;
				CLANG_WARN_INFINITE_RECURSION = YES;
				CLANG_WARN_INT_CONVERSION = YES;
				CLANG_WARN_NON_LITERAL_NULL_CONVERSION = YES;
				CLANG_WARN_OBJC_IMPLICIT_RETAIN_SELF = YES;
				CLANG_WARN_OBJC_LITERAL_CONVERSION = YES;
				CLANG_WARN_OBJC_ROOT_CLASS = YES_ERROR;
				CLANG_WARN_QUOTED_INCLUDE_IN_FRAMEWORK_HEADER = YES;
				CLANG_WARN_RANGE_LOOP_ANALYSIS = YES;
				CLANG_WARN_STRICT_PROTOTYPES = YES;
				CLANG_WARN_SUSPICIOUS_MOVE = YES;
				CLANG_WARN_UNGUARDED_AVAILABILITY = YES_AGGRESSIVE;
				CLANG_WARN_UNREACHABLE_CODE = YES;
				CLANG_WARN__DUPLICATE_METHOD_MATCH = YES;
				COPY_PHASE_STRIP = NO;
				DEBUG_INFORMATION_FORMAT = "dwarf-with-dsym";
				ENABLE_NS_ASSERTIONS = NO;
				ENABLE_STRICT_OBJC_MSGSEND = YES;
				ENABLE_USER_SCRIPT_SANDBOXING = YES;
				GCC_C_LANGUAGE_STANDARD = gnu17;
				GCC_NO_COMMON_BLOCKS = YES;
				GCC_WARN_64_TO_32_BIT_CONVERSION = YES;
				GCC_WARN_ABOUT_RETURN_TYPE = YES_ERROR;
				GCC_WARN_UNDECLARED_SELECTOR = YES;
				GCC_WARN_UNINITIALIZED_AUTOS = YES_AGGRESSIVE;
				GCC_WARN_UNUSED_FUNCTION = YES;
				GCC_WARN_UNUSED_VARIABLE = YES;
				IPHONEOS_DEPLOYMENT_TARGET = 17.0;
				LOCALIZATION_PREFERS_STRING_CATALOGS = YES;
				MTL_ENABLE_DEBUG_INFO = NO;
				MTL_FAST_MATH = YES;
				SDKROOT = iphoneos;
				SWIFT_COMPILATION_MODE = wholemodule;
				VALIDATE_PRODUCT = YES;
			};
			name = Release;
		};
		DE38B28F2B27857200D60E00 /* Debug */ = {
			isa = XCBuildConfiguration;
			buildSettings = {
				ASSETCATALOG_COMPILER_APPICON_NAME = AppIcon;
				ASSETCATALOG_COMPILER_GLOBAL_ACCENT_COLOR_NAME = AccentColor;
				CODE_SIGN_STYLE = Automatic;
				CURRENT_PROJECT_VERSION = 1;
				DEVELOPMENT_ASSET_PATHS = "\"Threds/Preview Content\"";
				DEVELOPMENT_TEAM = 2J8W8ZZGT2;
				ENABLE_PREVIEWS = YES;
				GENERATE_INFOPLIST_FILE = YES;
				INFOPLIST_KEY_UIApplicationSceneManifest_Generation = YES;
				INFOPLIST_KEY_UIApplicationSupportsIndirectInputEvents = YES;
				INFOPLIST_KEY_UILaunchScreen_Generation = YES;
				INFOPLIST_KEY_UISupportedInterfaceOrientations_iPad = "UIInterfaceOrientationPortrait UIInterfaceOrientationPortraitUpsideDown UIInterfaceOrientationLandscapeLeft UIInterfaceOrientationLandscapeRight";
				INFOPLIST_KEY_UISupportedInterfaceOrientations_iPhone = "UIInterfaceOrientationPortrait UIInterfaceOrientationLandscapeLeft UIInterfaceOrientationLandscapeRight";
				IPHONEOS_DEPLOYMENT_TARGET = 17.0;
				LD_RUNPATH_SEARCH_PATHS = (
					"$(inherited)",
					"@executable_path/Frameworks",
				);
				MARKETING_VERSION = 1.0;
				PRODUCT_BUNDLE_IDENTIFIER = Home.Threds;
				PRODUCT_NAME = "$(TARGET_NAME)";
				SWIFT_EMIT_LOC_STRINGS = YES;
				SWIFT_VERSION = 5.0;
				TARGETED_DEVICE_FAMILY = "1,2";
			};
			name = Debug;
		};
		DE38B2902B27857200D60E00 /* Release */ = {
			isa = XCBuildConfiguration;
			buildSettings = {
				ASSETCATALOG_COMPILER_APPICON_NAME = AppIcon;
				ASSETCATALOG_COMPILER_GLOBAL_ACCENT_COLOR_NAME = AccentColor;
				CODE_SIGN_STYLE = Automatic;
				CURRENT_PROJECT_VERSION = 1;
				DEVELOPMENT_ASSET_PATHS = "\"Threds/Preview Content\"";
				DEVELOPMENT_TEAM = 2J8W8ZZGT2;
				ENABLE_PREVIEWS = YES;
				GENERATE_INFOPLIST_FILE = YES;
				INFOPLIST_KEY_UIApplicationSceneManifest_Generation = YES;
				INFOPLIST_KEY_UIApplicationSupportsIndirectInputEvents = YES;
				INFOPLIST_KEY_UILaunchScreen_Generation = YES;
				INFOPLIST_KEY_UISupportedInterfaceOrientations_iPad = "UIInterfaceOrientationPortrait UIInterfaceOrientationPortraitUpsideDown UIInterfaceOrientationLandscapeLeft UIInterfaceOrientationLandscapeRight";
				INFOPLIST_KEY_UISupportedInterfaceOrientations_iPhone = "UIInterfaceOrientationPortrait UIInterfaceOrientationLandscapeLeft UIInterfaceOrientationLandscapeRight";
				IPHONEOS_DEPLOYMENT_TARGET = 17.0;
				LD_RUNPATH_SEARCH_PATHS = (
					"$(inherited)",
					"@executable_path/Frameworks",
				);
				MARKETING_VERSION = 1.0;
				PRODUCT_BUNDLE_IDENTIFIER = Home.Threds;
				PRODUCT_NAME = "$(TARGET_NAME)";
				SWIFT_EMIT_LOC_STRINGS = YES;
				SWIFT_VERSION = 5.0;
				TARGETED_DEVICE_FAMILY = "1,2";
			};
			name = Release;
		};
/* End XCBuildConfiguration section */

/* Begin XCConfigurationList section */
		DE38B2762B27856D00D60E00 /* Build configuration list for PBXProject "Threds" */ = {
			isa = XCConfigurationList;
			buildConfigurations = (
				DE38B28C2B27857200D60E00 /* Debug */,
				DE38B28D2B27857200D60E00 /* Release */,
			);
			defaultConfigurationIsVisible = 0;
			defaultConfigurationName = Release;
		};
		DE38B28E2B27857200D60E00 /* Build configuration list for PBXNativeTarget "Threds" */ = {
			isa = XCConfigurationList;
			buildConfigurations = (
				DE38B28F2B27857200D60E00 /* Debug */,
				DE38B2902B27857200D60E00 /* Release */,
			);
			defaultConfigurationIsVisible = 0;
			defaultConfigurationName = Release;
		};
/* End XCConfigurationList section */

/* Begin XCRemoteSwiftPackageReference section */
		DE38B2CC2B2CB95E00D60E00 /* XCRemoteSwiftPackageReference "firebase-ios-sdk" */ = {
			isa = XCRemoteSwiftPackageReference;
			repositoryURL = "https://github.com/firebase/firebase-ios-sdk";
			requirement = {
				kind = upToNextMajorVersion;
				minimumVersion = 10.19.1;
			};
		};
/* End XCRemoteSwiftPackageReference section */

/* Begin XCSwiftPackageProductDependency section */
		DE38B2CD2B2CB95F00D60E00 /* FirebaseAnalytics */ = {
			isa = XCSwiftPackageProductDependency;
			package = DE38B2CC2B2CB95E00D60E00 /* XCRemoteSwiftPackageReference "firebase-ios-sdk" */;
			productName = FirebaseAnalytics;
		};
		DE38B2CF2B2CB95F00D60E00 /* FirebaseAnalyticsOnDeviceConversion */ = {
			isa = XCSwiftPackageProductDependency;
			package = DE38B2CC2B2CB95E00D60E00 /* XCRemoteSwiftPackageReference "firebase-ios-sdk" */;
			productName = FirebaseAnalyticsOnDeviceConversion;
		};
		DE38B2D12B2CB95F00D60E00 /* FirebaseAnalyticsSwift */ = {
			isa = XCSwiftPackageProductDependency;
			package = DE38B2CC2B2CB95E00D60E00 /* XCRemoteSwiftPackageReference "firebase-ios-sdk" */;
			productName = FirebaseAnalyticsSwift;
		};
		DE38B2D32B2CB95F00D60E00 /* FirebaseAnalyticsWithoutAdIdSupport */ = {
			isa = XCSwiftPackageProductDependency;
			package = DE38B2CC2B2CB95E00D60E00 /* XCRemoteSwiftPackageReference "firebase-ios-sdk" */;
			productName = FirebaseAnalyticsWithoutAdIdSupport;
		};
		DE38B2D52B2CB95F00D60E00 /* FirebaseAppCheck */ = {
			isa = XCSwiftPackageProductDependency;
			package = DE38B2CC2B2CB95E00D60E00 /* XCRemoteSwiftPackageReference "firebase-ios-sdk" */;
			productName = FirebaseAppCheck;
		};
		DE38B2D72B2CB95F00D60E00 /* FirebaseAppDistribution-Beta */ = {
			isa = XCSwiftPackageProductDependency;
			package = DE38B2CC2B2CB95E00D60E00 /* XCRemoteSwiftPackageReference "firebase-ios-sdk" */;
			productName = "FirebaseAppDistribution-Beta";
		};
		DE38B2D92B2CB95F00D60E00 /* FirebaseAuth */ = {
			isa = XCSwiftPackageProductDependency;
			package = DE38B2CC2B2CB95E00D60E00 /* XCRemoteSwiftPackageReference "firebase-ios-sdk" */;
			productName = FirebaseAuth;
		};
		DE38B2DB2B2CB95F00D60E00 /* FirebaseAuthCombine-Community */ = {
			isa = XCSwiftPackageProductDependency;
			package = DE38B2CC2B2CB95E00D60E00 /* XCRemoteSwiftPackageReference "firebase-ios-sdk" */;
			productName = "FirebaseAuthCombine-Community";
		};
		DE38B2DD2B2CB95F00D60E00 /* FirebaseCrashlytics */ = {
			isa = XCSwiftPackageProductDependency;
			package = DE38B2CC2B2CB95E00D60E00 /* XCRemoteSwiftPackageReference "firebase-ios-sdk" */;
			productName = FirebaseCrashlytics;
		};
		DE38B2DF2B2CB95F00D60E00 /* FirebaseDatabase */ = {
			isa = XCSwiftPackageProductDependency;
			package = DE38B2CC2B2CB95E00D60E00 /* XCRemoteSwiftPackageReference "firebase-ios-sdk" */;
			productName = FirebaseDatabase;
		};
		DE38B2E12B2CB95F00D60E00 /* FirebaseDatabaseSwift */ = {
			isa = XCSwiftPackageProductDependency;
			package = DE38B2CC2B2CB95E00D60E00 /* XCRemoteSwiftPackageReference "firebase-ios-sdk" */;
			productName = FirebaseDatabaseSwift;
		};
		DE38B2E32B2CB95F00D60E00 /* FirebaseDynamicLinks */ = {
			isa = XCSwiftPackageProductDependency;
			package = DE38B2CC2B2CB95E00D60E00 /* XCRemoteSwiftPackageReference "firebase-ios-sdk" */;
			productName = FirebaseDynamicLinks;
		};
		DE38B2E52B2CB95F00D60E00 /* FirebaseFirestore */ = {
			isa = XCSwiftPackageProductDependency;
			package = DE38B2CC2B2CB95E00D60E00 /* XCRemoteSwiftPackageReference "firebase-ios-sdk" */;
			productName = FirebaseFirestore;
		};
		DE38B2E72B2CB95F00D60E00 /* FirebaseFirestoreCombine-Community */ = {
			isa = XCSwiftPackageProductDependency;
			package = DE38B2CC2B2CB95E00D60E00 /* XCRemoteSwiftPackageReference "firebase-ios-sdk" */;
			productName = "FirebaseFirestoreCombine-Community";
		};
		DE38B2E92B2CB95F00D60E00 /* FirebaseFirestoreSwift */ = {
			isa = XCSwiftPackageProductDependency;
			package = DE38B2CC2B2CB95E00D60E00 /* XCRemoteSwiftPackageReference "firebase-ios-sdk" */;
			productName = FirebaseFirestoreSwift;
		};
		DE38B2EB2B2CB95F00D60E00 /* FirebaseFunctions */ = {
			isa = XCSwiftPackageProductDependency;
			package = DE38B2CC2B2CB95E00D60E00 /* XCRemoteSwiftPackageReference "firebase-ios-sdk" */;
			productName = FirebaseFunctions;
		};
		DE38B2ED2B2CB95F00D60E00 /* FirebaseFunctionsCombine-Community */ = {
			isa = XCSwiftPackageProductDependency;
			package = DE38B2CC2B2CB95E00D60E00 /* XCRemoteSwiftPackageReference "firebase-ios-sdk" */;
			productName = "FirebaseFunctionsCombine-Community";
		};
		DE38B2EF2B2CB95F00D60E00 /* FirebaseInAppMessaging-Beta */ = {
			isa = XCSwiftPackageProductDependency;
			package = DE38B2CC2B2CB95E00D60E00 /* XCRemoteSwiftPackageReference "firebase-ios-sdk" */;
			productName = "FirebaseInAppMessaging-Beta";
		};
		DE38B2F12B2CB95F00D60E00 /* FirebaseInAppMessagingSwift-Beta */ = {
			isa = XCSwiftPackageProductDependency;
			package = DE38B2CC2B2CB95E00D60E00 /* XCRemoteSwiftPackageReference "firebase-ios-sdk" */;
			productName = "FirebaseInAppMessagingSwift-Beta";
		};
		DE38B2F32B2CB95F00D60E00 /* FirebaseInstallations */ = {
			isa = XCSwiftPackageProductDependency;
			package = DE38B2CC2B2CB95E00D60E00 /* XCRemoteSwiftPackageReference "firebase-ios-sdk" */;
			productName = FirebaseInstallations;
		};
		DE38B2F52B2CB95F00D60E00 /* FirebaseMLModelDownloader */ = {
			isa = XCSwiftPackageProductDependency;
			package = DE38B2CC2B2CB95E00D60E00 /* XCRemoteSwiftPackageReference "firebase-ios-sdk" */;
			productName = FirebaseMLModelDownloader;
		};
		DE38B2F72B2CB95F00D60E00 /* FirebaseMessaging */ = {
			isa = XCSwiftPackageProductDependency;
			package = DE38B2CC2B2CB95E00D60E00 /* XCRemoteSwiftPackageReference "firebase-ios-sdk" */;
			productName = FirebaseMessaging;
		};
		DE38B2F92B2CB95F00D60E00 /* FirebasePerformance */ = {
			isa = XCSwiftPackageProductDependency;
			package = DE38B2CC2B2CB95E00D60E00 /* XCRemoteSwiftPackageReference "firebase-ios-sdk" */;
			productName = FirebasePerformance;
		};
		DE38B2FB2B2CB95F00D60E00 /* FirebaseRemoteConfig */ = {
			isa = XCSwiftPackageProductDependency;
			package = DE38B2CC2B2CB95E00D60E00 /* XCRemoteSwiftPackageReference "firebase-ios-sdk" */;
			productName = FirebaseRemoteConfig;
		};
		DE38B2FD2B2CB95F00D60E00 /* FirebaseRemoteConfigSwift */ = {
			isa = XCSwiftPackageProductDependency;
			package = DE38B2CC2B2CB95E00D60E00 /* XCRemoteSwiftPackageReference "firebase-ios-sdk" */;
			productName = FirebaseRemoteConfigSwift;
		};
		DE38B2FF2B2CB95F00D60E00 /* FirebaseStorage */ = {
			isa = XCSwiftPackageProductDependency;
			package = DE38B2CC2B2CB95E00D60E00 /* XCRemoteSwiftPackageReference "firebase-ios-sdk" */;
			productName = FirebaseStorage;
		};
		DE38B3012B2CB95F00D60E00 /* FirebaseStorageCombine-Community */ = {
			isa = XCSwiftPackageProductDependency;
			package = DE38B2CC2B2CB95E00D60E00 /* XCRemoteSwiftPackageReference "firebase-ios-sdk" */;
			productName = "FirebaseStorageCombine-Community";
		};
/* End XCSwiftPackageProductDependency section */

/* Begin XCVersionGroup section */
		DE38B2892B27857200D60E00 /* Threds.xcdatamodeld */ = {
			isa = XCVersionGroup;
			children = (
				DE38B28A2B27857200D60E00 /* Threds.xcdatamodel */,
			);
			currentVersion = DE38B28A2B27857200D60E00 /* Threds.xcdatamodel */;
			path = Threds.xcdatamodeld;
			sourceTree = "<group>";
			versionGroupType = wrapper.xcdatamodel;
		};
/* End XCVersionGroup section */
	};
	rootObject = DE38B2732B27856D00D60E00 /* Project object */;
}
